// !$*UTF8*$!
{
	archiveVersion = 1;
	classes = {
	};
	objectVersion = 50;
	objects = {

/* Begin PBXBuildFile section */
		ACA9029621A23F1500D6646E /* QuestionBank.swift in Sources */ = {isa = PBXBuildFile; fileRef = ACA9029521A23F1500D6646E /* QuestionBank.swift */; };
		ACBD8A2E21A3DF6D0062ED14 /* ProgressHUD.bundle in Resources */ = {isa = PBXBuildFile; fileRef = ACBD8A2B21A3DF6D0062ED14 /* ProgressHUD.bundle */; };
		ACBD8A2F21A3DF6D0062ED14 /* ProgressHUD.m in Sources */ = {isa = PBXBuildFile; fileRef = ACBD8A2C21A3DF6D0062ED14 /* ProgressHUD.m */; };
		ACF3A82421A1BF2E00676921 /* AppDelegate.swift in Sources */ = {isa = PBXBuildFile; fileRef = ACF3A82321A1BF2E00676921 /* AppDelegate.swift */; };
		ACF3A82621A1BF2E00676921 /* ViewController.swift in Sources */ = {isa = PBXBuildFile; fileRef = ACF3A82521A1BF2E00676921 /* ViewController.swift */; };
		ACF3A82921A1BF2E00676921 /* Main.storyboard in Resources */ = {isa = PBXBuildFile; fileRef = ACF3A82721A1BF2E00676921 /* Main.storyboard */; };
		ACF3A82B21A1BF2F00676921 /* Assets.xcassets in Resources */ = {isa = PBXBuildFile; fileRef = ACF3A82A21A1BF2F00676921 /* Assets.xcassets */; };
		ACF3A82E21A1BF2F00676921 /* LaunchScreen.storyboard in Resources */ = {isa = PBXBuildFile; fileRef = ACF3A82C21A1BF2F00676921 /* LaunchScreen.storyboard */; };
		ACF3A83921A1CE1400676921 /* Questions.swift in Sources */ = {isa = PBXBuildFile; fileRef = ACF3A83821A1CE1400676921 /* Questions.swift */; };
/* End PBXBuildFile section */

/* Begin PBXFileReference section */
		ACA9029521A23F1500D6646E /* QuestionBank.swift */ = {isa = PBXFileReference; lastKnownFileType = sourcecode.swift; path = QuestionBank.swift; sourceTree = "<group>"; };
		ACBD8A2A21A3DF6C0062ED14 /* Quizzes-Bridging-Header.h */ = {isa = PBXFileReference; lastKnownFileType = sourcecode.c.h; path = "Quizzes-Bridging-Header.h"; sourceTree = "<group>"; };
		ACBD8A2B21A3DF6D0062ED14 /* ProgressHUD.bundle */ = {isa = PBXFileReference; lastKnownFileType = "wrapper.plug-in"; path = ProgressHUD.bundle; sourceTree = "<group>"; };
		ACBD8A2C21A3DF6D0062ED14 /* ProgressHUD.m */ = {isa = PBXFileReference; fileEncoding = 4; lastKnownFileType = sourcecode.c.objc; path = ProgressHUD.m; sourceTree = "<group>"; };
		ACBD8A2D21A3DF6D0062ED14 /* ProgressHUD.h */ = {isa = PBXFileReference; fileEncoding = 4; lastKnownFileType = sourcecode.c.h; path = ProgressHUD.h; sourceTree = "<group>"; };
		ACF3A82021A1BF2E00676921 /* Quizzes.app */ = {isa = PBXFileReference; explicitFileType = wrapper.application; includeInIndex = 0; path = Quizzes.app; sourceTree = BUILT_PRODUCTS_DIR; };
		ACF3A82321A1BF2E00676921 /* AppDelegate.swift */ = {isa = PBXFileReference; lastKnownFileType = sourcecode.swift; path = AppDelegate.swift; sourceTree = "<group>"; };
		ACF3A82521A1BF2E00676921 /* ViewController.swift */ = {isa = PBXFileReference; lastKnownFileType = sourcecode.swift; path = ViewController.swift; sourceTree = "<group>"; };
		ACF3A82821A1BF2E00676921 /* Base */ = {isa = PBXFileReference; lastKnownFileType = file.storyboard; name = Base; path = Base.lproj/Main.storyboard; sourceTree = "<group>"; };
		ACF3A82A21A1BF2F00676921 /* Assets.xcassets */ = {isa = PBXFileReference; lastKnownFileType = folder.assetcatalog; path = Assets.xcassets; sourceTree = "<group>"; };
		ACF3A82D21A1BF2F00676921 /* Base */ = {isa = PBXFileReference; lastKnownFileType = file.storyboard; name = Base; path = Base.lproj/LaunchScreen.storyboard; sourceTree = "<group>"; };
		ACF3A82F21A1BF2F00676921 /* Info.plist */ = {isa = PBXFileReference; lastKnownFileType = text.plist.xml; path = Info.plist; sourceTree = "<group>"; };
		ACF3A83821A1CE1400676921 /* Questions.swift */ = {isa = PBXFileReference; lastKnownFileType = sourcecode.swift; path = Questions.swift; sourceTree = "<group>"; };
/* End PBXFileReference section */

/* Begin PBXFrameworksBuildPhase section */
		ACF3A81D21A1BF2E00676921 /* Frameworks */ = {
			isa = PBXFrameworksBuildPhase;
			buildActionMask = 2147483647;
			files = (
			);
			runOnlyForDeploymentPostprocessing = 0;
		};
/* End PBXFrameworksBuildPhase section */

/* Begin PBXGroup section */
		ACBD8A2921A3DF570062ED14 /* SupportFiles */ = {
			isa = PBXGroup;
			children = (
				ACBD8A2B21A3DF6D0062ED14 /* ProgressHUD.bundle */,
				ACBD8A2D21A3DF6D0062ED14 /* ProgressHUD.h */,
				ACBD8A2C21A3DF6D0062ED14 /* ProgressHUD.m */,
				ACBD8A2A21A3DF6C0062ED14 /* Quizzes-Bridging-Header.h */,
			);
			path = SupportFiles;
			sourceTree = "<group>";
		};
		ACF3A81721A1BF2E00676921 = {
			isa = PBXGroup;
			children = (
				ACF3A82221A1BF2E00676921 /* Quizzes */,
				ACF3A82121A1BF2E00676921 /* Products */,
			);
			sourceTree = "<group>";
		};
		ACF3A82121A1BF2E00676921 /* Products */ = {
			isa = PBXGroup;
			children = (
				ACF3A82021A1BF2E00676921 /* Quizzes.app */,
			);
			name = Products;
			sourceTree = "<group>";
		};
		ACF3A82221A1BF2E00676921 /* Quizzes */ = {
			isa = PBXGroup;
			children = (
				ACBD8A2921A3DF570062ED14 /* SupportFiles */,
				ACF3A83721A1BF5E00676921 /* Controller */,
				ACF3A83621A1BF5800676921 /* Model */,
				ACF3A83521A1BF5000676921 /* View */,
				ACF3A82F21A1BF2F00676921 /* Info.plist */,
			);
			path = Quizzes;
			sourceTree = "<group>";
		};
		ACF3A83521A1BF5000676921 /* View */ = {
			isa = PBXGroup;
			children = (
				ACF3A82721A1BF2E00676921 /* Main.storyboard */,
				ACF3A82A21A1BF2F00676921 /* Assets.xcassets */,
				ACF3A82C21A1BF2F00676921 /* LaunchScreen.storyboard */,
			);
			path = View;
			sourceTree = "<group>";
		};
		ACF3A83621A1BF5800676921 /* Model */ = {
			isa = PBXGroup;
			children = (
				ACF3A83821A1CE1400676921 /* Questions.swift */,
				ACA9029521A23F1500D6646E /* QuestionBank.swift */,
			);
			path = Model;
			sourceTree = "<group>";
		};
		ACF3A83721A1BF5E00676921 /* Controller */ = {
			isa = PBXGroup;
			children = (
				ACF3A82321A1BF2E00676921 /* AppDelegate.swift */,
				ACF3A82521A1BF2E00676921 /* ViewController.swift */,
			);
			path = Controller;
			sourceTree = "<group>";
		};
/* End PBXGroup section */

/* Begin PBXNativeTarget section */
		ACF3A81F21A1BF2E00676921 /* Quizzes */ = {
			isa = PBXNativeTarget;
			buildConfigurationList = ACF3A83221A1BF2F00676921 /* Build configuration list for PBXNativeTarget "Quizzes" */;
			buildPhases = (
				ACF3A81C21A1BF2E00676921 /* Sources */,
				ACF3A81D21A1BF2E00676921 /* Frameworks */,
				ACF3A81E21A1BF2E00676921 /* Resources */,
			);
			buildRules = (
			);
			dependencies = (
			);
			name = Quizzes;
			productName = Quizzes;
			productReference = ACF3A82021A1BF2E00676921 /* Quizzes.app */;
			productType = "com.apple.product-type.application";
		};
/* End PBXNativeTarget section */

/* Begin PBXProject section */
		ACF3A81821A1BF2E00676921 /* Project object */ = {
			isa = PBXProject;
			attributes = {
				LastSwiftUpdateCheck = 1010;
				LastUpgradeCheck = 1010;
				ORGANIZATIONNAME = "gayan perera";
				TargetAttributes = {
					ACF3A81F21A1BF2E00676921 = {
						CreatedOnToolsVersion = 10.1;
						LastSwiftMigration = 1010;
					};
				};
			};
			buildConfigurationList = ACF3A81B21A1BF2E00676921 /* Build configuration list for PBXProject "Quizzes" */;
			compatibilityVersion = "Xcode 9.3";
			developmentRegion = en;
			hasScannedForEncodings = 0;
			knownRegions = (
				en,
				Base,
			);
			mainGroup = ACF3A81721A1BF2E00676921;
			productRefGroup = ACF3A82121A1BF2E00676921 /* Products */;
			projectDirPath = "";
			projectRoot = "";
			targets = (
				ACF3A81F21A1BF2E00676921 /* Quizzes */,
			);
		};
/* End PBXProject section */

/* Begin PBXResourcesBuildPhase section */
		ACF3A81E21A1BF2E00676921 /* Resources */ = {
			isa = PBXResourcesBuildPhase;
			buildActionMask = 2147483647;
			files = (
				ACBD8A2E21A3DF6D0062ED14 /* ProgressHUD.bundle in Resources */,
				ACF3A82E21A1BF2F00676921 /* LaunchScreen.storyboard in Resources */,
				ACF3A82B21A1BF2F00676921 /* Assets.xcassets in Resources */,
				ACF3A82921A1BF2E00676921 /* Main.storyboard in Resources */,
			);
			runOnlyForDeploymentPostprocessing = 0;
		};
/* End PBXResourcesBuildPhase section */

/* Begin PBXSourcesBuildPhase section */
		ACF3A81C21A1BF2E00676921 /* Sources */ = {
			isa = PBXSourcesBuildPhase;
			buildActionMask = 2147483647;
			files = (
				ACF3A83921A1CE1400676921 /* Questions.swift in Sources */,
				ACA9029621A23F1500D6646E /* QuestionBank.swift in Sources */,
				ACBD8A2F21A3DF6D0062ED14 /* ProgressHUD.m in Sources */,
				ACF3A82621A1BF2E00676921 /* ViewController.swift in Sources */,
				ACF3A82421A1BF2E00676921 /* AppDelegate.swift in Sources */,
			);
			runOnlyForDeploymentPostprocessing = 0;
		};
/* End PBXSourcesBuildPhase section */

/* Begin PBXVariantGroup section */
		ACF3A82721A1BF2E00676921 /* Main.storyboard */ = {
			isa = PBXVariantGroup;
			children = (
				ACF3A82821A1BF2E00676921 /* Base */,
			);
			name = Main.storyboard;
			sourceTree = "<group>";
		};
		ACF3A82C21A1BF2F00676921 /* LaunchScreen.storyboard */ = {
			isa = PBXVariantGroup;
			children = (
				ACF3A82D21A1BF2F00676921 /* Base */,
			);
			name = LaunchScreen.storyboard;
			sourceTree = "<group>";
		};
/* End PBXVariantGroup section */

/* Begin XCBuildConfiguration section */
		ACF3A83021A1BF2F00676921 /* Debug */ = {
			isa = XCBuildConfiguration;
			buildSettings = {
				ALWAYS_SEARCH_USER_PATHS = NO;
				CLANG_ANALYZER_NONNULL = YES;
				CLANG_ANALYZER_NUMBER_OBJECT_CONVERSION = YES_AGGRESSIVE;
				CLANG_CXX_LANGUAGE_STANDARD = "gnu++14";
				CLANG_CXX_LIBRARY = "libc++";
				CLANG_ENABLE_MODULES = YES;
				CLANG_ENABLE_OBJC_ARC = YES;
				CLANG_ENABLE_OBJC_WEAK = YES;
				CLANG_WARN_BLOCK_CAPTURE_AUTORELEASING = YES;
				CLANG_WARN_BOOL_CONVERSION = YES;
				CLANG_WARN_COMMA = YES;
				CLANG_WARN_CONSTANT_CONVERSION = YES;
				CLANG_WARN_DEPRECATED_OBJC_IMPLEMENTATIONS = YES;
				CLANG_WARN_DIRECT_OBJC_ISA_USAGE = YES_ERROR;
				CLANG_WARN_DOCUMENTATION_COMMENTS = YES;
				CLANG_WARN_EMPTY_BODY = YES;
				CLANG_WARN_ENUM_CONVERSION = YES;
				CLANG_WARN_INFINITE_RECURSION = YES;
				CLANG_WARN_INT_CONVERSION = YES;
				CLANG_WARN_NON_LITERAL_NULL_CONVERSION = YES;
				CLANG_WARN_OBJC_IMPLICIT_RETAIN_SELF = YES;
				CLANG_WARN_OBJC_LITERAL_CONVERSION = YES;
				CLANG_WARN_OBJC_ROOT_CLASS = YES_ERROR;
				CLANG_WARN_RANGE_LOOP_ANALYSIS = YES;
				CLANG_WARN_STRICT_PROTOTYPES = YES;
				CLANG_WARN_SUSPICIOUS_MOVE = YES;
				CLANG_WARN_UNGUARDED_AVAILABILITY = YES_AGGRESSIVE;
				CLANG_WARN_UNREACHABLE_CODE = YES;
				CLANG_WARN__DUPLICATE_METHOD_MATCH = YES;
				CODE_SIGN_IDENTITY = "iPhone Developer";
				COPY_PHASE_STRIP = NO;
				DEBUG_INFORMATION_FORMAT = dwarf;
				ENABLE_STRICT_OBJC_MSGSEND = YES;
				ENABLE_TESTABILITY = YES;
				GCC_C_LANGUAGE_STANDARD = gnu11;
				GCC_DYNAMIC_NO_PIC = NO;
				GCC_NO_COMMON_BLOCKS = YES;
				GCC_OPTIMIZATION_LEVEL = 0;
				GCC_PREPROCESSOR_DEFINITIONS = (
					"DEBUG=1",
					"$(inherited)",
				);
				GCC_WARN_64_TO_32_BIT_CONVERSION = YES;
				GCC_WARN_ABOUT_RETURN_TYPE = YES_ERROR;
				GCC_WARN_UNDECLARED_SELECTOR = YES;
				GCC_WARN_UNINITIALIZED_AUTOS = YES_AGGRESSIVE;
				GCC_WARN_UNUSED_FUNCTION = YES;
				GCC_WARN_UNUSED_VARIABLE = YES;
				IPHONEOS_DEPLOYMENT_TARGET = 12.1;
				MTL_ENABLE_DEBUG_INFO = INCLUDE_SOURCE;
				MTL_FAST_MATH = YES;
				ONLY_ACTIVE_ARCH = YES;
				SDKROOT = iphoneos;
				SWIFT_ACTIVE_COMPILATION_CONDITIONS = DEBUG;
				SWIFT_OPTIMIZATION_LEVEL = "-Onone";
			};
			name = Debug;
		};
		ACF3A83121A1BF2F00676921 /* Release */ = {
			isa = XCBuildConfiguration;
			buildSettings = {
				ALWAYS_SEARCH_USER_PATHS = NO;
				CLANG_ANALYZER_NONNULL = YES;
				CLANG_ANALYZER_NUMBER_OBJECT_CONVERSION = YES_AGGRESSIVE;
				CLANG_CXX_LANGUAGE_STANDARD = "gnu++14";
				CLANG_CXX_LIBRARY = "libc++";
				CLANG_ENABLE_MODULES = YES;
				CLANG_ENABLE_OBJC_ARC = YES;
				CLANG_ENABLE_OBJC_WEAK = YES;
				CLANG_WARN_BLOCK_CAPTURE_AUTORELEASING = YES;
				CLANG_WARN_BOOL_CONVERSION = YES;
				CLANG_WARN_COMMA = YES;
				CLANG_WARN_CONSTANT_CONVERSION = YES;
				CLANG_WARN_DEPRECATED_OBJC_IMPLEMENTATIONS = YES;
				CLANG_WARN_DIRECT_OBJC_ISA_USAGE = YES_ERROR;
				CLANG_WARN_DOCUMENTATION_COMMENTS = YES;
				CLANG_WARN_EMPTY_BODY = YES;
				CLANG_WARN_ENUM_CONVERSION = YES;
				CLANG_WARN_INFINITE_RECURSION = YES;
				CLANG_WARN_INT_CONVERSION = YES;
				CLANG_WARN_NON_LITERAL_NULL_CONVERSION = YES;
				CLANG_WARN_OBJC_IMPLICIT_RETAIN_SELF = YES;
				CLANG_WARN_OBJC_LITERAL_CONVERSION = YES;
				CLANG_WARN_OBJC_ROOT_CLASS = YES_ERROR;
				CLANG_WARN_RANGE_LOOP_ANALYSIS = YES;
				CLANG_WARN_STRICT_PROTOTYPES = YES;
				CLANG_WARN_SUSPICIOUS_MOVE = YES;
				CLANG_WARN_UNGUARDED_AVAILABILITY = YES_AGGRESSIVE;
				CLANG_WARN_UNREACHABLE_CODE = YES;
				CLANG_WARN__DUPLICATE_METHOD_MATCH = YES;
				CODE_SIGN_IDENTITY = "iPhone Developer";
				COPY_PHASE_STRIP = NO;
				DEBUG_INFORMATION_FORMAT = "dwarf-with-dsym";
				ENABLE_NS_ASSERTIONS = NO;
				ENABLE_STRICT_OBJC_MSGSEND = YES;
				GCC_C_LANGUAGE_STANDARD = gnu11;
				GCC_NO_COMMON_BLOCKS = YES;
				GCC_WARN_64_TO_32_BIT_CONVERSION = YES;
				GCC_WARN_ABOUT_RETURN_TYPE = YES_ERROR;
				GCC_WARN_UNDECLARED_SELECTOR = YES;
				GCC_WARN_UNINITIALIZED_AUTOS = YES_AGGRESSIVE;
				GCC_WARN_UNUSED_FUNCTION = YES;
				GCC_WARN_UNUSED_VARIABLE = YES;
				IPHONEOS_DEPLOYMENT_TARGET = 12.1;
				MTL_ENABLE_DEBUG_INFO = NO;
				MTL_FAST_MATH = YES;
				SDKROOT = iphoneos;
				SWIFT_COMPILATION_MODE = wholemodule;
				SWIFT_OPTIMIZATION_LEVEL = "-O";
				VALIDATE_PRODUCT = YES;
			};
			name = Release;
		};
		ACF3A83321A1BF2F00676921 /* Debug */ = {
			isa = XCBuildConfiguration;
			buildSettings = {
				ASSETCATALOG_COMPILER_APPICON_NAME = AppIcon;
				CLANG_ENABLE_MODULES = YES;
				CODE_SIGN_STYLE = Automatic;
				DEVELOPMENT_TEAM = GJEGDEVAB5;
				INFOPLIST_FILE = Quizzes/Info.plist;
				LD_RUNPATH_SEARCH_PATHS = (
					"$(inherited)",
					"@executable_path/Frameworks",
				);
				PRODUCT_BUNDLE_IDENTIFIER = com.mgdperera.Quizzes;
				PRODUCT_NAME = "$(TARGET_NAME)";
				SWIFT_OBJC_BRIDGING_HEADER = "Quizzes/SupportFiles/Quizzes-Bridging-Header.h";
				SWIFT_OPTIMIZATION_LEVEL = "-Onone";
				SWIFT_VERSION = 4.2;
				TARGETED_DEVICE_FAMILY = "1,2";
			};
			name = Debug;
		};
		ACF3A83421A1BF2F00676921 /* Release */ = {
			isa = XCBuildConfiguration;
			buildSettings = {
				ASSETCATALOG_COMPILER_APPICON_NAME = AppIcon;
				CLANG_ENABLE_MODULES = YES;
				CODE_SIGN_STYLE = Automatic;
				DEVELOPMENT_TEAM = GJEGDEVAB5;
				INFOPLIST_FILE = Quizzes/Info.plist;
				LD_RUNPATH_SEARCH_PATHS = (
					"$(inherited)",
					"@executable_path/Frameworks",
				);
				PRODUCT_BUNDLE_IDENTIFIER = com.mgdperera.Quizzes;
				PRODUCT_NAME = "$(TARGET_NAME)";
				SWIFT_OBJC_BRIDGING_HEADER = "Quizzes/SupportFiles/Quizzes-Bridging-Header.h";
				SWIFT_VERSION = 4.2;
				TARGETED_DEVICE_FAMILY = "1,2";
			};
			name = Release;
		};
/* End XCBuildConfiguration section */

/* Begin XCConfigurationList section */
		ACF3A81B21A1BF2E00676921 /* Build configuration list for PBXProject "Quizzes" */ = {
			isa = XCConfigurationList;
			buildConfigurations = (
				ACF3A83021A1BF2F00676921 /* Debug */,
				ACF3A83121A1BF2F00676921 /* Release */,
			);
			defaultConfigurationIsVisible = 0;
			defaultConfigurationName = Release;
		};
		ACF3A83221A1BF2F00676921 /* Build configuration list for PBXNativeTarget "Quizzes" */ = {
			isa = XCConfigurationList;
			buildConfigurations = (
				ACF3A83321A1BF2F00676921 /* Debug */,
				ACF3A83421A1BF2F00676921 /* Release */,
			);
			defaultConfigurationIsVisible = 0;
			defaultConfigurationName = Release;
		};
/* End XCConfigurationList section */
	};
	rootObject = ACF3A81821A1BF2E00676921 /* Project object */;
}
