// !$*UTF8*$!
{
	archiveVersion = 1;
	classes = {
	};
	objectVersion = 50;
	objects = {

/* Begin PBXBuildFile section */
		AC566CC221AAE0EC00094B9D /* AppDelegate.swift in Sources */ = {isa = PBXBuildFile; fileRef = AC566CC121AAE0EC00094B9D /* AppDelegate.swift */; };
		AC566CC421AAE0EC00094B9D /* ViewController.swift in Sources */ = {isa = PBXBuildFile; fileRef = AC566CC321AAE0EC00094B9D /* ViewController.swift */; };
		AC566CC721AAE0EC00094B9D /* Main.storyboard in Resources */ = {isa = PBXBuildFile; fileRef = AC566CC521AAE0EC00094B9D /* Main.storyboard */; };
		AC566CC921AAE0F200094B9D /* Assets.xcassets in Resources */ = {isa = PBXBuildFile; fileRef = AC566CC821AAE0F200094B9D /* Assets.xcassets */; };
		AC566CCC21AAE0F200094B9D /* LaunchScreen.storyboard in Resources */ = {isa = PBXBuildFile; fileRef = AC566CCA21AAE0F200094B9D /* LaunchScreen.storyboard */; };
		D4B09F40E9A8EDBE28D08623 /* Pods_BitcoinTracker.framework in Frameworks */ = {isa = PBXBuildFile; fileRef = F9931CCC2850B08AEA74511A /* Pods_BitcoinTracker.framework */; };
/* End PBXBuildFile section */

/* Begin PBXFileReference section */
		20EB8E6A64B61CD2CA69EB9E /* Pods-BitcoinTracker.release.xcconfig */ = {isa = PBXFileReference; includeInIndex = 1; lastKnownFileType = text.xcconfig; name = "Pods-BitcoinTracker.release.xcconfig"; path = "Pods/Target Support Files/Pods-BitcoinTracker/Pods-BitcoinTracker.release.xcconfig"; sourceTree = "<group>"; };
		4C1632AA3EC82934DF51791C /* Pods-BitcoinTracker.debug.xcconfig */ = {isa = PBXFileReference; includeInIndex = 1; lastKnownFileType = text.xcconfig; name = "Pods-BitcoinTracker.debug.xcconfig"; path = "Pods/Target Support Files/Pods-BitcoinTracker/Pods-BitcoinTracker.debug.xcconfig"; sourceTree = "<group>"; };
		AC566CBE21AAE0EC00094B9D /* BitcoinTracker.app */ = {isa = PBXFileReference; explicitFileType = wrapper.application; includeInIndex = 0; path = BitcoinTracker.app; sourceTree = BUILT_PRODUCTS_DIR; };
		AC566CC121AAE0EC00094B9D /* AppDelegate.swift */ = {isa = PBXFileReference; lastKnownFileType = sourcecode.swift; path = AppDelegate.swift; sourceTree = "<group>"; };
		AC566CC321AAE0EC00094B9D /* ViewController.swift */ = {isa = PBXFileReference; lastKnownFileType = sourcecode.swift; path = ViewController.swift; sourceTree = "<group>"; };
		AC566CC621AAE0EC00094B9D /* Base */ = {isa = PBXFileReference; lastKnownFileType = file.storyboard; name = Base; path = Base.lproj/Main.storyboard; sourceTree = "<group>"; };
		AC566CC821AAE0F200094B9D /* Assets.xcassets */ = {isa = PBXFileReference; lastKnownFileType = folder.assetcatalog; path = Assets.xcassets; sourceTree = "<group>"; };
		AC566CCB21AAE0F200094B9D /* Base */ = {isa = PBXFileReference; lastKnownFileType = file.storyboard; name = Base; path = Base.lproj/LaunchScreen.storyboard; sourceTree = "<group>"; };
		AC566CCD21AAE0F200094B9D /* Info.plist */ = {isa = PBXFileReference; lastKnownFileType = text.plist.xml; path = Info.plist; sourceTree = "<group>"; };
		F9931CCC2850B08AEA74511A /* Pods_BitcoinTracker.framework */ = {isa = PBXFileReference; explicitFileType = wrapper.framework; includeInIndex = 0; path = Pods_BitcoinTracker.framework; sourceTree = BUILT_PRODUCTS_DIR; };
/* End PBXFileReference section */

/* Begin PBXFrameworksBuildPhase section */
		AC566CBB21AAE0EC00094B9D /* Frameworks */ = {
			isa = PBXFrameworksBuildPhase;
			buildActionMask = 2147483647;
			files = (
				D4B09F40E9A8EDBE28D08623 /* Pods_BitcoinTracker.framework in Frameworks */,
			);
			runOnlyForDeploymentPostprocessing = 0;
		};
/* End PBXFrameworksBuildPhase section */

/* Begin PBXGroup section */
		7EC74C336CE7690B29F87170 /* Pods */ = {
			isa = PBXGroup;
			children = (
				4C1632AA3EC82934DF51791C /* Pods-BitcoinTracker.debug.xcconfig */,
				20EB8E6A64B61CD2CA69EB9E /* Pods-BitcoinTracker.release.xcconfig */,
			);
			name = Pods;
			sourceTree = "<group>";
		};
		AC566CB521AAE0EC00094B9D = {
			isa = PBXGroup;
			children = (
				AC566CC021AAE0EC00094B9D /* BitcoinTracker */,
				AC566CBF21AAE0EC00094B9D /* Products */,
				7EC74C336CE7690B29F87170 /* Pods */,
				C72540983AA1AEBDFA31470C /* Frameworks */,
			);
			sourceTree = "<group>";
		};
		AC566CBF21AAE0EC00094B9D /* Products */ = {
			isa = PBXGroup;
			children = (
				AC566CBE21AAE0EC00094B9D /* BitcoinTracker.app */,
			);
			name = Products;
			sourceTree = "<group>";
		};
		AC566CC021AAE0EC00094B9D /* BitcoinTracker */ = {
			isa = PBXGroup;
			children = (
				AC566CD521AAE39600094B9D /* Model */,
				AC566CD421AAE39000094B9D /* Controller */,
				AC566CD321AAE38A00094B9D /* View */,
				AC566CC121AAE0EC00094B9D /* AppDelegate.swift */,
				AC566CCD21AAE0F200094B9D /* Info.plist */,
			);
			path = BitcoinTracker;
			sourceTree = "<group>";
		};
		AC566CD321AAE38A00094B9D /* View */ = {
			isa = PBXGroup;
			children = (
				AC566CC521AAE0EC00094B9D /* Main.storyboard */,
				AC566CC821AAE0F200094B9D /* Assets.xcassets */,
				AC566CCA21AAE0F200094B9D /* LaunchScreen.storyboard */,
			);
			path = View;
			sourceTree = "<group>";
		};
		AC566CD421AAE39000094B9D /* Controller */ = {
			isa = PBXGroup;
			children = (
				AC566CC321AAE0EC00094B9D /* ViewController.swift */,
			);
			path = Controller;
			sourceTree = "<group>";
		};
		AC566CD521AAE39600094B9D /* Model */ = {
			isa = PBXGroup;
			children = (
			);
			path = Model;
			sourceTree = "<group>";
		};
		C72540983AA1AEBDFA31470C /* Frameworks */ = {
			isa = PBXGroup;
			children = (
				F9931CCC2850B08AEA74511A /* Pods_BitcoinTracker.framework */,
			);
			name = Frameworks;
			sourceTree = "<group>";
		};
/* End PBXGroup section */

/* Begin PBXNativeTarget section */
		AC566CBD21AAE0EC00094B9D /* BitcoinTracker */ = {
			isa = PBXNativeTarget;
			buildConfigurationList = AC566CD021AAE0F200094B9D /* Build configuration list for PBXNativeTarget "BitcoinTracker" */;
			buildPhases = (
				7834450A7D58A7471BC89E9D /* [CP] Check Pods Manifest.lock */,
				AC566CBA21AAE0EC00094B9D /* Sources */,
				AC566CBB21AAE0EC00094B9D /* Frameworks */,
				AC566CBC21AAE0EC00094B9D /* Resources */,
				51762C17455218AF6EC3EEAA /* [CP] Embed Pods Frameworks */,
			);
			buildRules = (
			);
			dependencies = (
			);
			name = BitcoinTracker;
			productName = BitcoinTracker;
			productReference = AC566CBE21AAE0EC00094B9D /* BitcoinTracker.app */;
			productType = "com.apple.product-type.application";
		};
/* End PBXNativeTarget section */

/* Begin PBXProject section */
		AC566CB621AAE0EC00094B9D /* Project object */ = {
			isa = PBXProject;
			attributes = {
				LastSwiftUpdateCheck = 1010;
				LastUpgradeCheck = 1010;
				ORGANIZATIONNAME = "gayan perera";
				TargetAttributes = {
					AC566CBD21AAE0EC00094B9D = {
						CreatedOnToolsVersion = 10.1;
					};
				};
			};
			buildConfigurationList = AC566CB921AAE0EC00094B9D /* Build configuration list for PBXProject "BitcoinTracker" */;
			compatibilityVersion = "Xcode 9.3";
			developmentRegion = en;
			hasScannedForEncodings = 0;
			knownRegions = (
				en,
				Base,
			);
			mainGroup = AC566CB521AAE0EC00094B9D;
			productRefGroup = AC566CBF21AAE0EC00094B9D /* Products */;
			projectDirPath = "";
			projectRoot = "";
			targets = (
				AC566CBD21AAE0EC00094B9D /* BitcoinTracker */,
			);
		};
/* End PBXProject section */

/* Begin PBXResourcesBuildPhase section */
		AC566CBC21AAE0EC00094B9D /* Resources */ = {
			isa = PBXResourcesBuildPhase;
			buildActionMask = 2147483647;
			files = (
				AC566CCC21AAE0F200094B9D /* LaunchScreen.storyboard in Resources */,
				AC566CC921AAE0F200094B9D /* Assets.xcassets in Resources */,
				AC566CC721AAE0EC00094B9D /* Main.storyboard in Resources */,
			);
			runOnlyForDeploymentPostprocessing = 0;
		};
/* End PBXResourcesBuildPhase section */

/* Begin PBXShellScriptBuildPhase section */
		51762C17455218AF6EC3EEAA /* [CP] Embed Pods Frameworks */ = {
			isa = PBXShellScriptBuildPhase;
			buildActionMask = 2147483647;
			files = (
			);
			inputFileListPaths = (
			);
			inputPaths = (
				"${SRCROOT}/Pods/Target Support Files/Pods-BitcoinTracker/Pods-BitcoinTracker-frameworks.sh",
				"${BUILT_PRODUCTS_DIR}/Alamofire/Alamofire.framework",
				"${BUILT_PRODUCTS_DIR}/SwiftyJSON/SwiftyJSON.framework",
			);
			name = "[CP] Embed Pods Frameworks";
			outputFileListPaths = (
			);
			outputPaths = (
				"${TARGET_BUILD_DIR}/${FRAMEWORKS_FOLDER_PATH}/Alamofire.framework",
				"${TARGET_BUILD_DIR}/${FRAMEWORKS_FOLDER_PATH}/SwiftyJSON.framework",
			);
			runOnlyForDeploymentPostprocessing = 0;
			shellPath = /bin/sh;
			shellScript = "\"${SRCROOT}/Pods/Target Support Files/Pods-BitcoinTracker/Pods-BitcoinTracker-frameworks.sh\"\n";
			showEnvVarsInLog = 0;
		};
		7834450A7D58A7471BC89E9D /* [CP] Check Pods Manifest.lock */ = {
			isa = PBXShellScriptBuildPhase;
			buildActionMask = 2147483647;
			files = (
			);
			inputFileListPaths = (
			);
			inputPaths = (
				"${PODS_PODFILE_DIR_PATH}/Podfile.lock",
				"${PODS_ROOT}/Manifest.lock",
			);
			name = "[CP] Check Pods Manifest.lock";
			outputFileListPaths = (
			);
			outputPaths = (
				"$(DERIVED_FILE_DIR)/Pods-BitcoinTracker-checkManifestLockResult.txt",
			);
			runOnlyForDeploymentPostprocessing = 0;
			shellPath = /bin/sh;
			shellScript = "diff \"${PODS_PODFILE_DIR_PATH}/Podfile.lock\" \"${PODS_ROOT}/Manifest.lock\" > /dev/null\nif [ $? != 0 ] ; then\n    # print error to STDERR\n    echo \"error: The sandbox is not in sync with the Podfile.lock. Run 'pod install' or update your CocoaPods installation.\" >&2\n    exit 1\nfi\n# This output is used by Xcode 'outputs' to avoid re-running this script phase.\necho \"SUCCESS\" > \"${SCRIPT_OUTPUT_FILE_0}\"\n";
			showEnvVarsInLog = 0;
		};
/* End PBXShellScriptBuildPhase section */

/* Begin PBXSourcesBuildPhase section */
		AC566CBA21AAE0EC00094B9D /* Sources */ = {
			isa = PBXSourcesBuildPhase;
			buildActionMask = 2147483647;
			files = (
				AC566CC421AAE0EC00094B9D /* ViewController.swift in Sources */,
				AC566CC221AAE0EC00094B9D /* AppDelegate.swift in Sources */,
			);
			runOnlyForDeploymentPostprocessing = 0;
		};
/* End PBXSourcesBuildPhase section */

/* Begin PBXVariantGroup section */
		AC566CC521AAE0EC00094B9D /* Main.storyboard */ = {
			isa = PBXVariantGroup;
			children = (
				AC566CC621AAE0EC00094B9D /* Base */,
			);
			name = Main.storyboard;
			sourceTree = "<group>";
		};
		AC566CCA21AAE0F200094B9D /* LaunchScreen.storyboard */ = {
			isa = PBXVariantGroup;
			children = (
				AC566CCB21AAE0F200094B9D /* Base */,
			);
			name = LaunchScreen.storyboard;
			sourceTree = "<group>";
		};
/* End PBXVariantGroup section */

/* Begin XCBuildConfiguration section */
		AC566CCE21AAE0F200094B9D /* Debug */ = {
			isa = XCBuildConfiguration;
			buildSettings = {
				ALWAYS_SEARCH_USER_PATHS = NO;
				CLANG_ANALYZER_NONNULL = YES;
				CLANG_ANALYZER_NUMBER_OBJECT_CONVERSION = YES_AGGRESSIVE;
				CLANG_CXX_LANGUAGE_STANDARD = "gnu++14";
				CLANG_CXX_LIBRARY = "libc++";
				CLANG_ENABLE_MODULES = YES;
				CLANG_ENABLE_OBJC_ARC = YES;
				CLANG_ENABLE_OBJC_WEAK = YES;
				CLANG_WARN_BLOCK_CAPTURE_AUTORELEASING = YES;
				CLANG_WARN_BOOL_CONVERSION = YES;
				CLANG_WARN_COMMA = YES;
				CLANG_WARN_CONSTANT_CONVERSION = YES;
				CLANG_WARN_DEPRECATED_OBJC_IMPLEMENTATIONS = YES;
				CLANG_WARN_DIRECT_OBJC_ISA_USAGE = YES_ERROR;
				CLANG_WARN_DOCUMENTATION_COMMENTS = YES;
				CLANG_WARN_EMPTY_BODY = YES;
				CLANG_WARN_ENUM_CONVERSION = YES;
				CLANG_WARN_INFINITE_RECURSION = YES;
				CLANG_WARN_INT_CONVERSION = YES;
				CLANG_WARN_NON_LITERAL_NULL_CONVERSION = YES;
				CLANG_WARN_OBJC_IMPLICIT_RETAIN_SELF = YES;
				CLANG_WARN_OBJC_LITERAL_CONVERSION = YES;
				CLANG_WARN_OBJC_ROOT_CLASS = YES_ERROR;
				CLANG_WARN_RANGE_LOOP_ANALYSIS = YES;
				CLANG_WARN_STRICT_PROTOTYPES = YES;
				CLANG_WARN_SUSPICIOUS_MOVE = YES;
				CLANG_WARN_UNGUARDED_AVAILABILITY = YES_AGGRESSIVE;
				CLANG_WARN_UNREACHABLE_CODE = YES;
				CLANG_WARN__DUPLICATE_METHOD_MATCH = YES;
				CODE_SIGN_IDENTITY = "iPhone Developer";
				COPY_PHASE_STRIP = NO;
				DEBUG_INFORMATION_FORMAT = dwarf;
				ENABLE_STRICT_OBJC_MSGSEND = YES;
				ENABLE_TESTABILITY = YES;
				GCC_C_LANGUAGE_STANDARD = gnu11;
				GCC_DYNAMIC_NO_PIC = NO;
				GCC_NO_COMMON_BLOCKS = YES;
				GCC_OPTIMIZATION_LEVEL = 0;
				GCC_PREPROCESSOR_DEFINITIONS = (
					"DEBUG=1",
					"$(inherited)",
				);
				GCC_WARN_64_TO_32_BIT_CONVERSION = YES;
				GCC_WARN_ABOUT_RETURN_TYPE = YES_ERROR;
				GCC_WARN_UNDECLARED_SELECTOR = YES;
				GCC_WARN_UNINITIALIZED_AUTOS = YES_AGGRESSIVE;
				GCC_WARN_UNUSED_FUNCTION = YES;
				GCC_WARN_UNUSED_VARIABLE = YES;
				IPHONEOS_DEPLOYMENT_TARGET = 12.1;
				MTL_ENABLE_DEBUG_INFO = INCLUDE_SOURCE;
				MTL_FAST_MATH = YES;
				ONLY_ACTIVE_ARCH = YES;
				SDKROOT = iphoneos;
				SWIFT_ACTIVE_COMPILATION_CONDITIONS = DEBUG;
				SWIFT_OPTIMIZATION_LEVEL = "-Onone";
			};
			name = Debug;
		};
		AC566CCF21AAE0F200094B9D /* Release */ = {
			isa = XCBuildConfiguration;
			buildSettings = {
				ALWAYS_SEARCH_USER_PATHS = NO;
				CLANG_ANALYZER_NONNULL = YES;
				CLANG_ANALYZER_NUMBER_OBJECT_CONVERSION = YES_AGGRESSIVE;
				CLANG_CXX_LANGUAGE_STANDARD = "gnu++14";
				CLANG_CXX_LIBRARY = "libc++";
				CLANG_ENABLE_MODULES = YES;
				CLANG_ENABLE_OBJC_ARC = YES;
				CLANG_ENABLE_OBJC_WEAK = YES;
				CLANG_WARN_BLOCK_CAPTURE_AUTORELEASING = YES;
				CLANG_WARN_BOOL_CONVERSION = YES;
				CLANG_WARN_COMMA = YES;
				CLANG_WARN_CONSTANT_CONVERSION = YES;
				CLANG_WARN_DEPRECATED_OBJC_IMPLEMENTATIONS = YES;
				CLANG_WARN_DIRECT_OBJC_ISA_USAGE = YES_ERROR;
				CLANG_WARN_DOCUMENTATION_COMMENTS = YES;
				CLANG_WARN_EMPTY_BODY = YES;
				CLANG_WARN_ENUM_CONVERSION = YES;
				CLANG_WARN_INFINITE_RECURSION = YES;
				CLANG_WARN_INT_CONVERSION = YES;
				CLANG_WARN_NON_LITERAL_NULL_CONVERSION = YES;
				CLANG_WARN_OBJC_IMPLICIT_RETAIN_SELF = YES;
				CLANG_WARN_OBJC_LITERAL_CONVERSION = YES;
				CLANG_WARN_OBJC_ROOT_CLASS = YES_ERROR;
				CLANG_WARN_RANGE_LOOP_ANALYSIS = YES;
				CLANG_WARN_STRICT_PROTOTYPES = YES;
				CLANG_WARN_SUSPICIOUS_MOVE = YES;
				CLANG_WARN_UNGUARDED_AVAILABILITY = YES_AGGRESSIVE;
				CLANG_WARN_UNREACHABLE_CODE = YES;
				CLANG_WARN__DUPLICATE_METHOD_MATCH = YES;
				CODE_SIGN_IDENTITY = "iPhone Developer";
				COPY_PHASE_STRIP = NO;
				DEBUG_INFORMATION_FORMAT = "dwarf-with-dsym";
				ENABLE_NS_ASSERTIONS = NO;
				ENABLE_STRICT_OBJC_MSGSEND = YES;
				GCC_C_LANGUAGE_STANDARD = gnu11;
				GCC_NO_COMMON_BLOCKS = YES;
				GCC_WARN_64_TO_32_BIT_CONVERSION = YES;
				GCC_WARN_ABOUT_RETURN_TYPE = YES_ERROR;
				GCC_WARN_UNDECLARED_SELECTOR = YES;
				GCC_WARN_UNINITIALIZED_AUTOS = YES_AGGRESSIVE;
				GCC_WARN_UNUSED_FUNCTION = YES;
				GCC_WARN_UNUSED_VARIABLE = YES;
				IPHONEOS_DEPLOYMENT_TARGET = 12.1;
				MTL_ENABLE_DEBUG_INFO = NO;
				MTL_FAST_MATH = YES;
				SDKROOT = iphoneos;
				SWIFT_COMPILATION_MODE = wholemodule;
				SWIFT_OPTIMIZATION_LEVEL = "-O";
				VALIDATE_PRODUCT = YES;
			};
			name = Release;
		};
		AC566CD121AAE0F200094B9D /* Debug */ = {
			isa = XCBuildConfiguration;
			baseConfigurationReference = 4C1632AA3EC82934DF51791C /* Pods-BitcoinTracker.debug.xcconfig */;
			buildSettings = {
				ASSETCATALOG_COMPILER_APPICON_NAME = AppIcon;
				CODE_SIGN_STYLE = Automatic;
				DEVELOPMENT_TEAM = GJEGDEVAB5;
				INFOPLIST_FILE = BitcoinTracker/Info.plist;
				LD_RUNPATH_SEARCH_PATHS = (
					"$(inherited)",
					"@executable_path/Frameworks",
				);
				PRODUCT_BUNDLE_IDENTIFIER = com.mgdperera.BitcoinTracker;
				PRODUCT_NAME = "$(TARGET_NAME)";
				SWIFT_VERSION = 4.2;
				TARGETED_DEVICE_FAMILY = "1,2";
			};
			name = Debug;
		};
		AC566CD221AAE0F200094B9D /* Release */ = {
			isa = XCBuildConfiguration;
			baseConfigurationReference = 20EB8E6A64B61CD2CA69EB9E /* Pods-BitcoinTracker.release.xcconfig */;
			buildSettings = {
				ASSETCATALOG_COMPILER_APPICON_NAME = AppIcon;
				CODE_SIGN_STYLE = Automatic;
				DEVELOPMENT_TEAM = GJEGDEVAB5;
				INFOPLIST_FILE = BitcoinTracker/Info.plist;
				LD_RUNPATH_SEARCH_PATHS = (
					"$(inherited)",
					"@executable_path/Frameworks",
				);
				PRODUCT_BUNDLE_IDENTIFIER = com.mgdperera.BitcoinTracker;
				PRODUCT_NAME = "$(TARGET_NAME)";
				SWIFT_VERSION = 4.2;
				TARGETED_DEVICE_FAMILY = "1,2";
			};
			name = Release;
		};
/* End XCBuildConfiguration section */

/* Begin XCConfigurationList section */
		AC566CB921AAE0EC00094B9D /* Build configuration list for PBXProject "BitcoinTracker" */ = {
			isa = XCConfigurationList;
			buildConfigurations = (
				AC566CCE21AAE0F200094B9D /* Debug */,
				AC566CCF21AAE0F200094B9D /* Release */,
			);
			defaultConfigurationIsVisible = 0;
			defaultConfigurationName = Release;
		};
		AC566CD021AAE0F200094B9D /* Build configuration list for PBXNativeTarget "BitcoinTracker" */ = {
			isa = XCConfigurationList;
			buildConfigurations = (
				AC566CD121AAE0F200094B9D /* Debug */,
				AC566CD221AAE0F200094B9D /* Release */,
			);
			defaultConfigurationIsVisible = 0;
			defaultConfigurationName = Release;
		};
/* End XCConfigurationList section */
	};
	rootObject = AC566CB621AAE0EC00094B9D /* Project object */;
}
